
Microsoft Visual Studio Solution File, Format Version 12.00
# Visual Studio 15
VisualStudioVersion = 15.0.28307.271
MinimumVisualStudioVersion = 10.0.40219.1
Project("{9A19103F-16F7-4668-BE54-9A1E7A4F7556}") = "api_mastery", "api_mastery\api_mastery.csproj", "{68B31581-7CCF-4DD4-BD7A-5DA21EA4D000}"
EndProject
Project("{FAE04EC0-301F-11D3-BF4B-00C04F79EFBC}") = "api_masteryTests", "api_masteryTests\api_masteryTests.csproj", "{92B56316-1198-4A93-BF76-B59ACBFFC5E7}"
	ProjectSection(ProjectDependencies) = postProject
		{68B31581-7CCF-4DD4-BD7A-5DA21EA4D000} = {68B31581-7CCF-4DD4-BD7A-5DA21EA4D000}
	EndProjectSection
EndProject
Global
	GlobalSection(SolutionConfigurationPlatforms) = preSolution
		Debug|Any CPU = Debug|Any CPU
		Release|Any CPU = Release|Any CPU
	EndGlobalSection
	GlobalSection(ProjectConfigurationPlatforms) = postSolution
		{68B31581-7CCF-4DD4-BD7A-5DA21EA4D000}.Debug|Any CPU.ActiveCfg = Debug|Any CPU
		{68B31581-7CCF-4DD4-BD7A-5DA21EA4D000}.Debug|Any CPU.Build.0 = Debug|Any CPU
		{68B31581-7CCF-4DD4-BD7A-5DA21EA4D000}.Release|Any CPU.ActiveCfg = Release|Any CPU
		{68B31581-7CCF-4DD4-BD7A-5DA21EA4D000}.Release|Any CPU.Build.0 = Release|Any CPU
		{92B56316-1198-4A93-BF76-B59ACBFFC5E7}.Debug|Any CPU.ActiveCfg = Debug|Any CPU
		{92B56316-1198-4A93-BF76-B59ACBFFC5E7}.Debug|Any CPU.Build.0 = Debug|Any CPU
		{92B56316-1198-4A93-BF76-B59ACBFFC5E7}.Release|Any CPU.ActiveCfg = Release|Any CPU
		{92B56316-1198-4A93-BF76-B59ACBFFC5E7}.Release|Any CPU.Build.0 = Release|Any CPU
	EndGlobalSection
	GlobalSection(SolutionProperties) = preSolution
		HideSolutionNode = FALSE
	EndGlobalSection
	GlobalSection(ExtensibilityGlobals) = postSolution
		SolutionGuid = {4469640B-D8C5-401C-9923-1D6928E8F55D}
	EndGlobalSection
EndGlobal
